// !$*UTF8*$!
{
	archiveVersion = 1;
	classes = {
	};
	objectVersion = 50;
	objects = {

/* Begin PBXBuildFile section */
		B172BE5F253F1AD300FB6CDB /* WikipediaView.swift in Sources */ = {isa = PBXBuildFile; fileRef = B172BE5E253F1AD300FB6CDB /* WikipediaView.swift */; };
		B1A1D24E2538F08C006BEB9D /* PlantGuide.mlmodel in Sources */ = {isa = PBXBuildFile; fileRef = B1E7786A2538E6B3007A6440 /* PlantGuide.mlmodel */; };
		B1A1D2512538F112006BEB9D /* LaunchScreen.storyboard in Resources */ = {isa = PBXBuildFile; fileRef = B1A1D2502538F111006BEB9D /* LaunchScreen.storyboard */; };
		B1A1D2592538F5FA006BEB9D /* Screenshot3.png in Resources */ = {isa = PBXBuildFile; fileRef = B1A1D2542538F5FA006BEB9D /* Screenshot3.png */; };
		B1A1D25A2538F5FA006BEB9D /* Screenshot0.png in Resources */ = {isa = PBXBuildFile; fileRef = B1A1D2552538F5FA006BEB9D /* Screenshot0.png */; };
		B1A1D25B2538F5FA006BEB9D /* Screenshot1.png in Resources */ = {isa = PBXBuildFile; fileRef = B1A1D2562538F5FA006BEB9D /* Screenshot1.png */; };
		B1A1D25C2538F5FA006BEB9D /* Screenshot2.png in Resources */ = {isa = PBXBuildFile; fileRef = B1A1D2572538F5FA006BEB9D /* Screenshot2.png */; };
		B1A1D25D2538F5FA006BEB9D /* README.md in Resources */ = {isa = PBXBuildFile; fileRef = B1A1D2582538F5FA006BEB9D /* README.md */; };
		B1A1D261253C8154006BEB9D /* InstagramHandleView.swift in Sources */ = {isa = PBXBuildFile; fileRef = B1A1D260253C8154006BEB9D /* InstagramHandleView.swift */; };
		B1AC9FDF2557E8B5001BF9EE /* Persistence.swift in Sources */ = {isa = PBXBuildFile; fileRef = B1AC9FDE2557E8B5001BF9EE /* Persistence.swift */; };
		B1AC9FE32557E8F1001BF9EE /* ImageStore.swift in Sources */ = {isa = PBXBuildFile; fileRef = B1AC9FE22557E8F1001BF9EE /* ImageStore.swift */; };
		B1AC9FEB2557E986001BF9EE /* AddNewSheet.swift in Sources */ = {isa = PBXBuildFile; fileRef = B1AC9FEA2557E986001BF9EE /* AddNewSheet.swift */; };
		B1AC9FEE2557E9A2001BF9EE /* ListView.swift in Sources */ = {isa = PBXBuildFile; fileRef = B1AC9FED2557E9A2001BF9EE /* ListView.swift */; };
		B1AC9FF22557E9EA001BF9EE /* StorePlantEntity.xcdatamodeld in Sources */ = {isa = PBXBuildFile; fileRef = B1AC9FF02557E9EA001BF9EE /* StorePlantEntity.xcdatamodeld */; };
		B1AC9FF52557EF7D001BF9EE /* StoreImagePicker.swift in Sources */ = {isa = PBXBuildFile; fileRef = B1AC9FF42557EF7D001BF9EE /* StoreImagePicker.swift */; };
		B1AC9FF92557F133001BF9EE /* StoreImagePickerView.swift in Sources */ = {isa = PBXBuildFile; fileRef = B1AC9FF82557F133001BF9EE /* StoreImagePickerView.swift */; };
		B1B260842538D90B00841FBB /* PlantGuideApp.swift in Sources */ = {isa = PBXBuildFile; fileRef = B1B260832538D90B00841FBB /* PlantGuideApp.swift */; };
		B1B260862538D90B00841FBB /* ContentView.swift in Sources */ = {isa = PBXBuildFile; fileRef = B1B260852538D90B00841FBB /* ContentView.swift */; };
		B1B260882538D90C00841FBB /* Assets.xcassets in Resources */ = {isa = PBXBuildFile; fileRef = B1B260872538D90C00841FBB /* Assets.xcassets */; };
		B1B2608B2538D90C00841FBB /* Preview Assets.xcassets in Resources */ = {isa = PBXBuildFile; fileRef = B1B2608A2538D90C00841FBB /* Preview Assets.xcassets */; };
		B1B260B22538D97800841FBB /* PlantOverview.swift in Sources */ = {isa = PBXBuildFile; fileRef = B1B260B12538D97800841FBB /* PlantOverview.swift */; };
		B1B260B72538D99400841FBB /* PlantPreview.swift in Sources */ = {isa = PBXBuildFile; fileRef = B1B260B62538D99400841FBB /* PlantPreview.swift */; };
		B1B260BC2538D9BE00841FBB /* MailView.swift in Sources */ = {isa = PBXBuildFile; fileRef = B1B260BB2538D9BE00841FBB /* MailView.swift */; };
		B1B260C12538D9DB00841FBB /* MailHandler.swift in Sources */ = {isa = PBXBuildFile; fileRef = B1B260C02538D9DB00841FBB /* MailHandler.swift */; };
		B1B260C62538D9F800841FBB /* LogoAsset.swift in Sources */ = {isa = PBXBuildFile; fileRef = B1B260C52538D9F800841FBB /* LogoAsset.swift */; };
		B1B260CB2538DA1700841FBB /* IdleScanView.swift in Sources */ = {isa = PBXBuildFile; fileRef = B1B260CA2538DA1700841FBB /* IdleScanView.swift */; };
		B1DF4C8F2558020E0029FD03 /* NavigationBarView.swift in Sources */ = {isa = PBXBuildFile; fileRef = B1DF4C8E2558020E0029FD03 /* NavigationBarView.swift */; };
		B1DF4C96255810C10029FD03 /* NavigationHomeView.swift in Sources */ = {isa = PBXBuildFile; fileRef = B1DF4C95255810C10029FD03 /* NavigationHomeView.swift */; };
		B1DF4C9D255817A10029FD03 /* NavigationTestView.swift in Sources */ = {isa = PBXBuildFile; fileRef = B1DF4C9C255817A10029FD03 /* NavigationTestView.swift */; };
		B1E1548E2547F18500E5546D /* WelcomeView.swift in Sources */ = {isa = PBXBuildFile; fileRef = B1E1548D2547F18500E5546D /* WelcomeView.swift */; };
		B1E15495254D518100E5546D /* IllustrationView.swift in Sources */ = {isa = PBXBuildFile; fileRef = B1E15494254D518100E5546D /* IllustrationView.swift */; };
		B1E15498254D51CA00E5546D /* HowToView.swift in Sources */ = {isa = PBXBuildFile; fileRef = B1E15497254D51CA00E5546D /* HowToView.swift */; };
		B1E778582538E659007A6440 /* ImagePicker.swift in Sources */ = {isa = PBXBuildFile; fileRef = B1E778552538E659007A6440 /* ImagePicker.swift */; };
		B1E778592538E659007A6440 /* OptionWheel.swift in Sources */ = {isa = PBXBuildFile; fileRef = B1E778562538E659007A6440 /* OptionWheel.swift */; };
		B1E7785D2538E6A4007A6440 /* BarGraphs.swift in Sources */ = {isa = PBXBuildFile; fileRef = B1E7785C2538E6A3007A6440 /* BarGraphs.swift */; };
		B1E778642538E6B0007A6440 /* Buffer.swift in Sources */ = {isa = PBXBuildFile; fileRef = B1E7785F2538E6AF007A6440 /* Buffer.swift */; };
		B1E778652538E6B0007A6440 /* PicturePreview.swift in Sources */ = {isa = PBXBuildFile; fileRef = B1E778602538E6AF007A6440 /* PicturePreview.swift */; };
		B1E778662538E6B0007A6440 /* ClassificationPlantDetail.swift in Sources */ = {isa = PBXBuildFile; fileRef = B1E778612538E6AF007A6440 /* ClassificationPlantDetail.swift */; };
		B1E778672538E6B0007A6440 /* ClassificationView.swift in Sources */ = {isa = PBXBuildFile; fileRef = B1E778622538E6AF007A6440 /* ClassificationView.swift */; };
		B1E778682538E6B0007A6440 /* ResultPreview.swift in Sources */ = {isa = PBXBuildFile; fileRef = B1E778632538E6B0007A6440 /* ResultPreview.swift */; };
		B1E778742538E71A007A6440 /* Plant.swift in Sources */ = {isa = PBXBuildFile; fileRef = B1E778702538E719007A6440 /* Plant.swift */; };
		B1E778752538E71A007A6440 /* picture_data.json in Resources */ = {isa = PBXBuildFile; fileRef = B1E778712538E719007A6440 /* picture_data.json */; };
		B1E778762538E71A007A6440 /* plant_data.json in Resources */ = {isa = PBXBuildFile; fileRef = B1E778722538E71A007A6440 /* plant_data.json */; };
		B1E778772538E71A007A6440 /* Data.swift in Sources */ = {isa = PBXBuildFile; fileRef = B1E778732538E71A007A6440 /* Data.swift */; };
		B1E778842538E740007A6440 /* BarMeter.swift in Sources */ = {isa = PBXBuildFile; fileRef = B1E7787B2538E73F007A6440 /* BarMeter.swift */; };
		B1E778852538E740007A6440 /* HumidityView.swift in Sources */ = {isa = PBXBuildFile; fileRef = B1E7787C2538E73F007A6440 /* HumidityView.swift */; };
		B1E778862538E740007A6440 /* WaterView.swift in Sources */ = {isa = PBXBuildFile; fileRef = B1E7787D2538E740007A6440 /* WaterView.swift */; };
		B1E778872538E740007A6440 /* ToxicityView.swift in Sources */ = {isa = PBXBuildFile; fileRef = B1E7787E2538E740007A6440 /* ToxicityView.swift */; };
		B1E778882538E740007A6440 /* TempView.swift in Sources */ = {isa = PBXBuildFile; fileRef = B1E7787F2538E740007A6440 /* TempView.swift */; };
		B1E778892538E740007A6440 /* FertilizationView.swift in Sources */ = {isa = PBXBuildFile; fileRef = B1E778802538E740007A6440 /* FertilizationView.swift */; };
		B1E7788A2538E740007A6440 /* SunView.swift in Sources */ = {isa = PBXBuildFile; fileRef = B1E778812538E740007A6440 /* SunView.swift */; };
		B1E7788B2538E740007A6440 /* GalleryView.swift in Sources */ = {isa = PBXBuildFile; fileRef = B1E778822538E740007A6440 /* GalleryView.swift */; };
		B1E7788C2538E740007A6440 /* PlantDetail.swift in Sources */ = {isa = PBXBuildFile; fileRef = B1E778832538E740007A6440 /* PlantDetail.swift */; };
/* End PBXBuildFile section */

/* Begin PBXFileReference section */
		B172BE5E253F1AD300FB6CDB /* WikipediaView.swift */ = {isa = PBXFileReference; lastKnownFileType = sourcecode.swift; path = WikipediaView.swift; sourceTree = "<group>"; };
		B1A1D2502538F111006BEB9D /* LaunchScreen.storyboard */ = {isa = PBXFileReference; lastKnownFileType = file.storyboard; path = LaunchScreen.storyboard; sourceTree = "<group>"; };
		B1A1D2542538F5FA006BEB9D /* Screenshot3.png */ = {isa = PBXFileReference; lastKnownFileType = image.png; path = Screenshot3.png; sourceTree = SOURCE_ROOT; };
		B1A1D2552538F5FA006BEB9D /* Screenshot0.png */ = {isa = PBXFileReference; lastKnownFileType = image.png; path = Screenshot0.png; sourceTree = SOURCE_ROOT; };
		B1A1D2562538F5FA006BEB9D /* Screenshot1.png */ = {isa = PBXFileReference; lastKnownFileType = image.png; path = Screenshot1.png; sourceTree = SOURCE_ROOT; };
		B1A1D2572538F5FA006BEB9D /* Screenshot2.png */ = {isa = PBXFileReference; lastKnownFileType = image.png; path = Screenshot2.png; sourceTree = SOURCE_ROOT; };
		B1A1D2582538F5FA006BEB9D /* README.md */ = {isa = PBXFileReference; fileEncoding = 4; lastKnownFileType = net.daringfireball.markdown; path = README.md; sourceTree = SOURCE_ROOT; };
		B1A1D260253C8154006BEB9D /* InstagramHandleView.swift */ = {isa = PBXFileReference; lastKnownFileType = sourcecode.swift; path = InstagramHandleView.swift; sourceTree = "<group>"; };
		B1AC9FDE2557E8B5001BF9EE /* Persistence.swift */ = {isa = PBXFileReference; lastKnownFileType = sourcecode.swift; path = Persistence.swift; sourceTree = "<group>"; };
		B1AC9FE22557E8F1001BF9EE /* ImageStore.swift */ = {isa = PBXFileReference; lastKnownFileType = sourcecode.swift; path = ImageStore.swift; sourceTree = "<group>"; };
		B1AC9FEA2557E986001BF9EE /* AddNewSheet.swift */ = {isa = PBXFileReference; lastKnownFileType = sourcecode.swift; path = AddNewSheet.swift; sourceTree = "<group>"; };
		B1AC9FED2557E9A2001BF9EE /* ListView.swift */ = {isa = PBXFileReference; lastKnownFileType = sourcecode.swift; path = ListView.swift; sourceTree = "<group>"; };
		B1AC9FF12557E9EA001BF9EE /* StorePlantsModel.xcdatamodel */ = {isa = PBXFileReference; lastKnownFileType = wrapper.xcdatamodel; path = StorePlantsModel.xcdatamodel; sourceTree = "<group>"; };
		B1AC9FF42557EF7D001BF9EE /* StoreImagePicker.swift */ = {isa = PBXFileReference; lastKnownFileType = sourcecode.swift; name = StoreImagePicker.swift; path = PlantGuide/OptionWheelViews/StoreImagePicker.swift; sourceTree = SOURCE_ROOT; };
		B1AC9FF82557F133001BF9EE /* StoreImagePickerView.swift */ = {isa = PBXFileReference; lastKnownFileType = sourcecode.swift; path = StoreImagePickerView.swift; sourceTree = "<group>"; };
		B1B260802538D90B00841FBB /* PlantGuide.app */ = {isa = PBXFileReference; explicitFileType = wrapper.application; includeInIndex = 0; path = PlantGuide.app; sourceTree = BUILT_PRODUCTS_DIR; };
		B1B260832538D90B00841FBB /* PlantGuideApp.swift */ = {isa = PBXFileReference; lastKnownFileType = sourcecode.swift; path = PlantGuideApp.swift; sourceTree = "<group>"; };
		B1B260852538D90B00841FBB /* ContentView.swift */ = {isa = PBXFileReference; lastKnownFileType = sourcecode.swift; path = ContentView.swift; sourceTree = "<group>"; };
		B1B260872538D90C00841FBB /* Assets.xcassets */ = {isa = PBXFileReference; lastKnownFileType = folder.assetcatalog; path = Assets.xcassets; sourceTree = "<group>"; };
		B1B2608A2538D90C00841FBB /* Preview Assets.xcassets */ = {isa = PBXFileReference; lastKnownFileType = folder.assetcatalog; path = "Preview Assets.xcassets"; sourceTree = "<group>"; };
		B1B2608C2538D90C00841FBB /* Info.plist */ = {isa = PBXFileReference; lastKnownFileType = text.plist.xml; path = Info.plist; sourceTree = "<group>"; };
		B1B260952538D90C00841FBB /* PlantGuideTests.swift */ = {isa = PBXFileReference; lastKnownFileType = sourcecode.swift; path = PlantGuideTests.swift; sourceTree = "<group>"; };
		B1B260972538D90C00841FBB /* Info.plist */ = {isa = PBXFileReference; lastKnownFileType = text.plist.xml; path = Info.plist; sourceTree = "<group>"; };
		B1B260A02538D90C00841FBB /* PlantGuideUITests.swift */ = {isa = PBXFileReference; lastKnownFileType = sourcecode.swift; path = PlantGuideUITests.swift; sourceTree = "<group>"; };
		B1B260A22538D90C00841FBB /* Info.plist */ = {isa = PBXFileReference; lastKnownFileType = text.plist.xml; path = Info.plist; sourceTree = "<group>"; };
		B1B260B12538D97800841FBB /* PlantOverview.swift */ = {isa = PBXFileReference; lastKnownFileType = sourcecode.swift; path = PlantOverview.swift; sourceTree = "<group>"; };
		B1B260B62538D99400841FBB /* PlantPreview.swift */ = {isa = PBXFileReference; lastKnownFileType = sourcecode.swift; path = PlantPreview.swift; sourceTree = "<group>"; };
		B1B260BB2538D9BE00841FBB /* MailView.swift */ = {isa = PBXFileReference; lastKnownFileType = sourcecode.swift; path = MailView.swift; sourceTree = "<group>"; };
		B1B260C02538D9DB00841FBB /* MailHandler.swift */ = {isa = PBXFileReference; lastKnownFileType = sourcecode.swift; path = MailHandler.swift; sourceTree = "<group>"; };
		B1B260C52538D9F800841FBB /* LogoAsset.swift */ = {isa = PBXFileReference; lastKnownFileType = sourcecode.swift; path = LogoAsset.swift; sourceTree = "<group>"; };
		B1B260CA2538DA1700841FBB /* IdleScanView.swift */ = {isa = PBXFileReference; lastKnownFileType = sourcecode.swift; path = IdleScanView.swift; sourceTree = "<group>"; };
		B1DF4C8E2558020E0029FD03 /* NavigationBarView.swift */ = {isa = PBXFileReference; lastKnownFileType = sourcecode.swift; path = NavigationBarView.swift; sourceTree = "<group>"; };
		B1DF4C95255810C10029FD03 /* NavigationHomeView.swift */ = {isa = PBXFileReference; lastKnownFileType = sourcecode.swift; path = NavigationHomeView.swift; sourceTree = "<group>"; };
		B1DF4C9C255817A10029FD03 /* NavigationTestView.swift */ = {isa = PBXFileReference; lastKnownFileType = sourcecode.swift; path = NavigationTestView.swift; sourceTree = "<group>"; };
		B1E1548D2547F18500E5546D /* WelcomeView.swift */ = {isa = PBXFileReference; lastKnownFileType = sourcecode.swift; path = WelcomeView.swift; sourceTree = "<group>"; };
		B1E15494254D518100E5546D /* IllustrationView.swift */ = {isa = PBXFileReference; lastKnownFileType = sourcecode.swift; path = IllustrationView.swift; sourceTree = "<group>"; };
		B1E15497254D51CA00E5546D /* HowToView.swift */ = {isa = PBXFileReference; lastKnownFileType = sourcecode.swift; path = HowToView.swift; sourceTree = "<group>"; };
		B1E778552538E659007A6440 /* ImagePicker.swift */ = {isa = PBXFileReference; fileEncoding = 4; lastKnownFileType = sourcecode.swift; path = ImagePicker.swift; sourceTree = "<group>"; };
		B1E778562538E659007A6440 /* OptionWheel.swift */ = {isa = PBXFileReference; fileEncoding = 4; lastKnownFileType = sourcecode.swift; path = OptionWheel.swift; sourceTree = "<group>"; };
		B1E7785C2538E6A3007A6440 /* BarGraphs.swift */ = {isa = PBXFileReference; lastKnownFileType = sourcecode.swift; path = BarGraphs.swift; sourceTree = "<group>"; };
		B1E7785F2538E6AF007A6440 /* Buffer.swift */ = {isa = PBXFileReference; fileEncoding = 4; lastKnownFileType = sourcecode.swift; path = Buffer.swift; sourceTree = "<group>"; };
		B1E778602538E6AF007A6440 /* PicturePreview.swift */ = {isa = PBXFileReference; fileEncoding = 4; lastKnownFileType = sourcecode.swift; path = PicturePreview.swift; sourceTree = "<group>"; };
		B1E778612538E6AF007A6440 /* ClassificationPlantDetail.swift */ = {isa = PBXFileReference; fileEncoding = 4; lastKnownFileType = sourcecode.swift; path = ClassificationPlantDetail.swift; sourceTree = "<group>"; };
		B1E778622538E6AF007A6440 /* ClassificationView.swift */ = {isa = PBXFileReference; fileEncoding = 4; lastKnownFileType = sourcecode.swift; path = ClassificationView.swift; sourceTree = "<group>"; };
		B1E778632538E6B0007A6440 /* ResultPreview.swift */ = {isa = PBXFileReference; fileEncoding = 4; lastKnownFileType = sourcecode.swift; path = ResultPreview.swift; sourceTree = "<group>"; };
		B1E7786A2538E6B3007A6440 /* PlantGuide.mlmodel */ = {isa = PBXFileReference; lastKnownFileType = file.mlmodel; path = PlantGuide.mlmodel; sourceTree = "<group>"; };
		B1E778702538E719007A6440 /* Plant.swift */ = {isa = PBXFileReference; fileEncoding = 4; lastKnownFileType = sourcecode.swift; path = Plant.swift; sourceTree = "<group>"; };
		B1E778712538E719007A6440 /* picture_data.json */ = {isa = PBXFileReference; fileEncoding = 4; lastKnownFileType = text.json; path = picture_data.json; sourceTree = "<group>"; };
		B1E778722538E71A007A6440 /* plant_data.json */ = {isa = PBXFileReference; fileEncoding = 4; lastKnownFileType = text.json; path = plant_data.json; sourceTree = "<group>"; };
		B1E778732538E71A007A6440 /* Data.swift */ = {isa = PBXFileReference; fileEncoding = 4; lastKnownFileType = sourcecode.swift; path = Data.swift; sourceTree = "<group>"; };
		B1E7787B2538E73F007A6440 /* BarMeter.swift */ = {isa = PBXFileReference; fileEncoding = 4; lastKnownFileType = sourcecode.swift; path = BarMeter.swift; sourceTree = "<group>"; };
		B1E7787C2538E73F007A6440 /* HumidityView.swift */ = {isa = PBXFileReference; fileEncoding = 4; lastKnownFileType = sourcecode.swift; path = HumidityView.swift; sourceTree = "<group>"; };
		B1E7787D2538E740007A6440 /* WaterView.swift */ = {isa = PBXFileReference; fileEncoding = 4; lastKnownFileType = sourcecode.swift; path = WaterView.swift; sourceTree = "<group>"; };
		B1E7787E2538E740007A6440 /* ToxicityView.swift */ = {isa = PBXFileReference; fileEncoding = 4; lastKnownFileType = sourcecode.swift; path = ToxicityView.swift; sourceTree = "<group>"; };
		B1E7787F2538E740007A6440 /* TempView.swift */ = {isa = PBXFileReference; fileEncoding = 4; lastKnownFileType = sourcecode.swift; path = TempView.swift; sourceTree = "<group>"; };
		B1E778802538E740007A6440 /* FertilizationView.swift */ = {isa = PBXFileReference; fileEncoding = 4; lastKnownFileType = sourcecode.swift; path = FertilizationView.swift; sourceTree = "<group>"; };
		B1E778812538E740007A6440 /* SunView.swift */ = {isa = PBXFileReference; fileEncoding = 4; lastKnownFileType = sourcecode.swift; path = SunView.swift; sourceTree = "<group>"; };
		B1E778822538E740007A6440 /* GalleryView.swift */ = {isa = PBXFileReference; fileEncoding = 4; lastKnownFileType = sourcecode.swift; path = GalleryView.swift; sourceTree = "<group>"; };
		B1E778832538E740007A6440 /* PlantDetail.swift */ = {isa = PBXFileReference; fileEncoding = 4; lastKnownFileType = sourcecode.swift; path = PlantDetail.swift; sourceTree = "<group>"; };
/* End PBXFileReference section */

/* Begin PBXFrameworksBuildPhase section */
		B1B2607D2538D90B00841FBB /* Frameworks */ = {
			isa = PBXFrameworksBuildPhase;
			buildActionMask = 2147483647;
			files = (
			);
			runOnlyForDeploymentPostprocessing = 0;
		};
/* End PBXFrameworksBuildPhase section */

/* Begin PBXGroup section */
		B1AC9FE12557E8BA001BF9EE /* CoreData */ = {
			isa = PBXGroup;
			children = (
				B1AC9FED2557E9A2001BF9EE /* ListView.swift */,
				B1AC9FEA2557E986001BF9EE /* AddNewSheet.swift */,
				B1AC9FF82557F133001BF9EE /* StoreImagePickerView.swift */,
				B1AC9FF42557EF7D001BF9EE /* StoreImagePicker.swift */,
				B1AC9FE22557E8F1001BF9EE /* ImageStore.swift */,
				B1AC9FDE2557E8B5001BF9EE /* Persistence.swift */,
				B1AC9FF02557E9EA001BF9EE /* StorePlantEntity.xcdatamodeld */,
			);
			path = CoreData;
			sourceTree = "<group>";
		};
		B1B260772538D90B00841FBB = {
			isa = PBXGroup;
			children = (
				B1B260822538D90B00841FBB /* PlantGuide */,
				B1A1D2582538F5FA006BEB9D /* README.md */,
				B1A1D2552538F5FA006BEB9D /* Screenshot0.png */,
				B1A1D2562538F5FA006BEB9D /* Screenshot1.png */,
				B1A1D2572538F5FA006BEB9D /* Screenshot2.png */,
				B1A1D2542538F5FA006BEB9D /* Screenshot3.png */,
				B1B260942538D90C00841FBB /* PlantGuideTests */,
				B1B2609F2538D90C00841FBB /* PlantGuideUITests */,
				B1B260812538D90B00841FBB /* Products */,
			);
			sourceTree = "<group>";
		};
		B1B260812538D90B00841FBB /* Products */ = {
			isa = PBXGroup;
			children = (
				B1B260802538D90B00841FBB /* PlantGuide.app */,
			);
			name = Products;
			sourceTree = "<group>";
		};
		B1B260822538D90B00841FBB /* PlantGuide */ = {
			isa = PBXGroup;
			children = (
				B1A1D2502538F111006BEB9D /* LaunchScreen.storyboard */,
				B1B260832538D90B00841FBB /* PlantGuideApp.swift */,
				B1B260852538D90B00841FBB /* ContentView.swift */,
				B1B260B12538D97800841FBB /* PlantOverview.swift */,
				B1B260B62538D99400841FBB /* PlantPreview.swift */,
				B1B260BB2538D9BE00841FBB /* MailView.swift */,
				B1B260C02538D9DB00841FBB /* MailHandler.swift */,
				B1B260C52538D9F800841FBB /* LogoAsset.swift */,
				B1B260CA2538DA1700841FBB /* IdleScanView.swift */,
				B1E154912547F18F00E5546D /* WelcomeScreen */,
				B1DF4C91255802130029FD03 /* NavigationViews */,
				B1E778532538E641007A6440 /* OptionWheelViews */,
				B1E7787A2538E731007A6440 /* DetailView */,
				B1E7786F2538E705007A6440 /* Data Model */,
				B1AC9FE12557E8BA001BF9EE /* CoreData */,
				B1B260872538D90C00841FBB /* Assets.xcassets */,
				B1B2608C2538D90C00841FBB /* Info.plist */,
				B1B260892538D90C00841FBB /* Preview Content */,
			);
			path = PlantGuide;
			sourceTree = "<group>";
		};
		B1B260892538D90C00841FBB /* Preview Content */ = {
			isa = PBXGroup;
			children = (
				B1B2608A2538D90C00841FBB /* Preview Assets.xcassets */,
			);
			path = "Preview Content";
			sourceTree = "<group>";
		};
		B1B260942538D90C00841FBB /* PlantGuideTests */ = {
			isa = PBXGroup;
			children = (
				B1B260952538D90C00841FBB /* PlantGuideTests.swift */,
				B1B260972538D90C00841FBB /* Info.plist */,
			);
			path = PlantGuideTests;
			sourceTree = "<group>";
		};
		B1B2609F2538D90C00841FBB /* PlantGuideUITests */ = {
			isa = PBXGroup;
			children = (
				B1B260A02538D90C00841FBB /* PlantGuideUITests.swift */,
				B1B260A22538D90C00841FBB /* Info.plist */,
			);
			path = PlantGuideUITests;
			sourceTree = "<group>";
		};
		B1DF4C91255802130029FD03 /* NavigationViews */ = {
			isa = PBXGroup;
			children = (
				B1DF4C95255810C10029FD03 /* NavigationHomeView.swift */,
				B1DF4C9C255817A10029FD03 /* NavigationTestView.swift */,
				B1DF4C8E2558020E0029FD03 /* NavigationBarView.swift */,
			);
			path = NavigationViews;
			sourceTree = "<group>";
		};
		B1E154912547F18F00E5546D /* WelcomeScreen */ = {
			isa = PBXGroup;
			children = (
				B1E1548D2547F18500E5546D /* WelcomeView.swift */,
				B1E15494254D518100E5546D /* IllustrationView.swift */,
				B1E15497254D51CA00E5546D /* HowToView.swift */,
			);
			path = WelcomeScreen;
			sourceTree = "<group>";
		};
		B1E778532538E641007A6440 /* OptionWheelViews */ = {
			isa = PBXGroup;
			children = (
				B1E7785B2538E693007A6440 /* ClassificationML */,
				B1E778552538E659007A6440 /* ImagePicker.swift */,
				B1E778562538E659007A6440 /* OptionWheel.swift */,
				B1E7785C2538E6A3007A6440 /* BarGraphs.swift */,
				B1E7786A2538E6B3007A6440 /* PlantGuide.mlmodel */,
			);
			path = OptionWheelViews;
			sourceTree = "<group>";
		};
		B1E7785B2538E693007A6440 /* ClassificationML */ = {
			isa = PBXGroup;
			children = (
				B1E7785F2538E6AF007A6440 /* Buffer.swift */,
				B1E778612538E6AF007A6440 /* ClassificationPlantDetail.swift */,
				B1E778622538E6AF007A6440 /* ClassificationView.swift */,
				B1E778602538E6AF007A6440 /* PicturePreview.swift */,
				B1E778632538E6B0007A6440 /* ResultPreview.swift */,
			);
			path = ClassificationML;
			sourceTree = "<group>";
		};
		B1E7786F2538E705007A6440 /* Data Model */ = {
			isa = PBXGroup;
			children = (
				B1E778732538E71A007A6440 /* Data.swift */,
				B1E778712538E719007A6440 /* picture_data.json */,
				B1E778722538E71A007A6440 /* plant_data.json */,
				B1E778702538E719007A6440 /* Plant.swift */,
			);
			path = "Data Model";
			sourceTree = "<group>";
		};
		B1E7787A2538E731007A6440 /* DetailView */ = {
			isa = PBXGroup;
			children = (
				B1E778832538E740007A6440 /* PlantDetail.swift */,
				B1E7787B2538E73F007A6440 /* BarMeter.swift */,
				B1E778802538E740007A6440 /* FertilizationView.swift */,
				B1E778822538E740007A6440 /* GalleryView.swift */,
				B1A1D260253C8154006BEB9D /* InstagramHandleView.swift */,
				B1E7787C2538E73F007A6440 /* HumidityView.swift */,
				B1E778812538E740007A6440 /* SunView.swift */,
				B1E7787F2538E740007A6440 /* TempView.swift */,
				B1E7787E2538E740007A6440 /* ToxicityView.swift */,
				B1E7787D2538E740007A6440 /* WaterView.swift */,
				B172BE5E253F1AD300FB6CDB /* WikipediaView.swift */,
			);
			path = DetailView;
			sourceTree = "<group>";
		};
/* End PBXGroup section */

/* Begin PBXNativeTarget section */
		B1B2607F2538D90B00841FBB /* PlantGuide */ = {
			isa = PBXNativeTarget;
			buildConfigurationList = B1B260A52538D90C00841FBB /* Build configuration list for PBXNativeTarget "PlantGuide" */;
			buildPhases = (
				B1B2607C2538D90B00841FBB /* Sources */,
				B1B2607D2538D90B00841FBB /* Frameworks */,
				B1B2607E2538D90B00841FBB /* Resources */,
			);
			buildRules = (
			);
			dependencies = (
			);
			name = PlantGuide;
			productName = PlantGuide;
			productReference = B1B260802538D90B00841FBB /* PlantGuide.app */;
			productType = "com.apple.product-type.application";
		};
/* End PBXNativeTarget section */

/* Begin PBXProject section */
		B1B260782538D90B00841FBB /* Project object */ = {
			isa = PBXProject;
			attributes = {
				LastSwiftUpdateCheck = 1200;
				LastUpgradeCheck = 1200;
				TargetAttributes = {
					B1B2607F2538D90B00841FBB = {
						CreatedOnToolsVersion = 12.0.1;
					};
				};
			};
			buildConfigurationList = B1B2607B2538D90B00841FBB /* Build configuration list for PBXProject "PlantGuide" */;
			compatibilityVersion = "Xcode 9.3";
			developmentRegion = en;
			hasScannedForEncodings = 0;
			knownRegions = (
				en,
				Base,
			);
			mainGroup = B1B260772538D90B00841FBB;
			productRefGroup = B1B260812538D90B00841FBB /* Products */;
			projectDirPath = "";
			projectRoot = "";
			targets = (
				B1B2607F2538D90B00841FBB /* PlantGuide */,
			);
		};
/* End PBXProject section */

/* Begin PBXResourcesBuildPhase section */
		B1B2607E2538D90B00841FBB /* Resources */ = {
			isa = PBXResourcesBuildPhase;
			buildActionMask = 2147483647;
			files = (
				B1A1D25C2538F5FA006BEB9D /* Screenshot2.png in Resources */,
				B1B2608B2538D90C00841FBB /* Preview Assets.xcassets in Resources */,
				B1A1D25D2538F5FA006BEB9D /* README.md in Resources */,
				B1A1D25B2538F5FA006BEB9D /* Screenshot1.png in Resources */,
				B1E778752538E71A007A6440 /* picture_data.json in Resources */,
				B1B260882538D90C00841FBB /* Assets.xcassets in Resources */,
				B1A1D25A2538F5FA006BEB9D /* Screenshot0.png in Resources */,
				B1A1D2592538F5FA006BEB9D /* Screenshot3.png in Resources */,
				B1A1D2512538F112006BEB9D /* LaunchScreen.storyboard in Resources */,
				B1E778762538E71A007A6440 /* plant_data.json in Resources */,
			);
			runOnlyForDeploymentPostprocessing = 0;
		};
/* End PBXResourcesBuildPhase section */

/* Begin PBXSourcesBuildPhase section */
		B1B2607C2538D90B00841FBB /* Sources */ = {
			isa = PBXSourcesBuildPhase;
			buildActionMask = 2147483647;
			files = (
				B1A1D24E2538F08C006BEB9D /* PlantGuide.mlmodel in Sources */,
				B1B260862538D90B00841FBB /* ContentView.swift in Sources */,
				B1E778872538E740007A6440 /* ToxicityView.swift in Sources */,
				B1B260C62538D9F800841FBB /* LogoAsset.swift in Sources */,
				B1B260842538D90B00841FBB /* PlantGuideApp.swift in Sources */,
				B1E1548E2547F18500E5546D /* WelcomeView.swift in Sources */,
				B1B260CB2538DA1700841FBB /* IdleScanView.swift in Sources */,
				B1AC9FF22557E9EA001BF9EE /* StorePlantEntity.xcdatamodeld in Sources */,
				B1E778862538E740007A6440 /* WaterView.swift in Sources */,
				B1B260B72538D99400841FBB /* PlantPreview.swift in Sources */,
				B1B260B22538D97800841FBB /* PlantOverview.swift in Sources */,
				B1B260BC2538D9BE00841FBB /* MailView.swift in Sources */,
				B1AC9FEE2557E9A2001BF9EE /* ListView.swift in Sources */,
				B1E778772538E71A007A6440 /* Data.swift in Sources */,
				B1E778842538E740007A6440 /* BarMeter.swift in Sources */,
				B1E778682538E6B0007A6440 /* ResultPreview.swift in Sources */,
				B1E778742538E71A007A6440 /* Plant.swift in Sources */,
				B1DF4C9D255817A10029FD03 /* NavigationTestView.swift in Sources */,
				B1DF4C96255810C10029FD03 /* NavigationHomeView.swift in Sources */,
				B172BE5F253F1AD300FB6CDB /* WikipediaView.swift in Sources */,
				B1E7788A2538E740007A6440 /* SunView.swift in Sources */,
				B1E778652538E6B0007A6440 /* PicturePreview.swift in Sources */,
				B1AC9FF52557EF7D001BF9EE /* StoreImagePicker.swift in Sources */,
				B1E778582538E659007A6440 /* ImagePicker.swift in Sources */,
				B1AC9FDF2557E8B5001BF9EE /* Persistence.swift in Sources */,
				B1AC9FEB2557E986001BF9EE /* AddNewSheet.swift in Sources */,
				B1E778642538E6B0007A6440 /* Buffer.swift in Sources */,
				B1E7788B2538E740007A6440 /* GalleryView.swift in Sources */,
				B1DF4C8F2558020E0029FD03 /* NavigationBarView.swift in Sources */,
				B1E778672538E6B0007A6440 /* ClassificationView.swift in Sources */,
				B1E15498254D51CA00E5546D /* HowToView.swift in Sources */,
				B1E15495254D518100E5546D /* IllustrationView.swift in Sources */,
				B1E778892538E740007A6440 /* FertilizationView.swift in Sources */,
				B1E7785D2538E6A4007A6440 /* BarGraphs.swift in Sources */,
				B1E778662538E6B0007A6440 /* ClassificationPlantDetail.swift in Sources */,
				B1E778852538E740007A6440 /* HumidityView.swift in Sources */,
				B1E778592538E659007A6440 /* OptionWheel.swift in Sources */,
				B1E7788C2538E740007A6440 /* PlantDetail.swift in Sources */,
				B1B260C12538D9DB00841FBB /* MailHandler.swift in Sources */,
				B1A1D261253C8154006BEB9D /* InstagramHandleView.swift in Sources */,
				B1AC9FE32557E8F1001BF9EE /* ImageStore.swift in Sources */,
				B1AC9FF92557F133001BF9EE /* StoreImagePickerView.swift in Sources */,
				B1E778882538E740007A6440 /* TempView.swift in Sources */,
			);
			runOnlyForDeploymentPostprocessing = 0;
		};
/* End PBXSourcesBuildPhase section */

/* Begin XCBuildConfiguration section */
		B1B260A32538D90C00841FBB /* Debug */ = {
			isa = XCBuildConfiguration;
			buildSettings = {
				ALWAYS_SEARCH_USER_PATHS = NO;
				CLANG_ANALYZER_NONNULL = YES;
				CLANG_ANALYZER_NUMBER_OBJECT_CONVERSION = YES_AGGRESSIVE;
				CLANG_CXX_LANGUAGE_STANDARD = "gnu++14";
				CLANG_CXX_LIBRARY = "libc++";
				CLANG_ENABLE_MODULES = YES;
				CLANG_ENABLE_OBJC_ARC = YES;
				CLANG_ENABLE_OBJC_WEAK = YES;
				CLANG_WARN_BLOCK_CAPTURE_AUTORELEASING = YES;
				CLANG_WARN_BOOL_CONVERSION = YES;
				CLANG_WARN_COMMA = YES;
				CLANG_WARN_CONSTANT_CONVERSION = YES;
				CLANG_WARN_DEPRECATED_OBJC_IMPLEMENTATIONS = YES;
				CLANG_WARN_DIRECT_OBJC_ISA_USAGE = YES_ERROR;
				CLANG_WARN_DOCUMENTATION_COMMENTS = YES;
				CLANG_WARN_EMPTY_BODY = YES;
				CLANG_WARN_ENUM_CONVERSION = YES;
				CLANG_WARN_INFINITE_RECURSION = YES;
				CLANG_WARN_INT_CONVERSION = YES;
				CLANG_WARN_NON_LITERAL_NULL_CONVERSION = YES;
				CLANG_WARN_OBJC_IMPLICIT_RETAIN_SELF = YES;
				CLANG_WARN_OBJC_LITERAL_CONVERSION = YES;
				CLANG_WARN_OBJC_ROOT_CLASS = YES_ERROR;
				CLANG_WARN_QUOTED_INCLUDE_IN_FRAMEWORK_HEADER = YES;
				CLANG_WARN_RANGE_LOOP_ANALYSIS = YES;
				CLANG_WARN_STRICT_PROTOTYPES = YES;
				CLANG_WARN_SUSPICIOUS_MOVE = YES;
				CLANG_WARN_UNGUARDED_AVAILABILITY = YES_AGGRESSIVE;
				CLANG_WARN_UNREACHABLE_CODE = YES;
				CLANG_WARN__DUPLICATE_METHOD_MATCH = YES;
				COPY_PHASE_STRIP = NO;
				DEBUG_INFORMATION_FORMAT = dwarf;
				ENABLE_STRICT_OBJC_MSGSEND = YES;
				ENABLE_TESTABILITY = YES;
				GCC_C_LANGUAGE_STANDARD = gnu11;
				GCC_DYNAMIC_NO_PIC = NO;
				GCC_NO_COMMON_BLOCKS = YES;
				GCC_OPTIMIZATION_LEVEL = 0;
				GCC_PREPROCESSOR_DEFINITIONS = (
					"DEBUG=1",
					"$(inherited)",
				);
				GCC_WARN_64_TO_32_BIT_CONVERSION = YES;
				GCC_WARN_ABOUT_RETURN_TYPE = YES_ERROR;
				GCC_WARN_UNDECLARED_SELECTOR = YES;
				GCC_WARN_UNINITIALIZED_AUTOS = YES_AGGRESSIVE;
				GCC_WARN_UNUSED_FUNCTION = YES;
				GCC_WARN_UNUSED_VARIABLE = YES;
				IPHONEOS_DEPLOYMENT_TARGET = 14.0;
				MTL_ENABLE_DEBUG_INFO = INCLUDE_SOURCE;
				MTL_FAST_MATH = YES;
				ONLY_ACTIVE_ARCH = YES;
				SDKROOT = iphoneos;
				SWIFT_ACTIVE_COMPILATION_CONDITIONS = DEBUG;
				SWIFT_OPTIMIZATION_LEVEL = "-Onone";
			};
			name = Debug;
		};
		B1B260A42538D90C00841FBB /* Release */ = {
			isa = XCBuildConfiguration;
			buildSettings = {
				ALWAYS_SEARCH_USER_PATHS = NO;
				CLANG_ANALYZER_NONNULL = YES;
				CLANG_ANALYZER_NUMBER_OBJECT_CONVERSION = YES_AGGRESSIVE;
				CLANG_CXX_LANGUAGE_STANDARD = "gnu++14";
				CLANG_CXX_LIBRARY = "libc++";
				CLANG_ENABLE_MODULES = YES;
				CLANG_ENABLE_OBJC_ARC = YES;
				CLANG_ENABLE_OBJC_WEAK = YES;
				CLANG_WARN_BLOCK_CAPTURE_AUTORELEASING = YES;
				CLANG_WARN_BOOL_CONVERSION = YES;
				CLANG_WARN_COMMA = YES;
				CLANG_WARN_CONSTANT_CONVERSION = YES;
				CLANG_WARN_DEPRECATED_OBJC_IMPLEMENTATIONS = YES;
				CLANG_WARN_DIRECT_OBJC_ISA_USAGE = YES_ERROR;
				CLANG_WARN_DOCUMENTATION_COMMENTS = YES;
				CLANG_WARN_EMPTY_BODY = YES;
				CLANG_WARN_ENUM_CONVERSION = YES;
				CLANG_WARN_INFINITE_RECURSION = YES;
				CLANG_WARN_INT_CONVERSION = YES;
				CLANG_WARN_NON_LITERAL_NULL_CONVERSION = YES;
				CLANG_WARN_OBJC_IMPLICIT_RETAIN_SELF = YES;
				CLANG_WARN_OBJC_LITERAL_CONVERSION = YES;
				CLANG_WARN_OBJC_ROOT_CLASS = YES_ERROR;
				CLANG_WARN_QUOTED_INCLUDE_IN_FRAMEWORK_HEADER = YES;
				CLANG_WARN_RANGE_LOOP_ANALYSIS = YES;
				CLANG_WARN_STRICT_PROTOTYPES = YES;
				CLANG_WARN_SUSPICIOUS_MOVE = YES;
				CLANG_WARN_UNGUARDED_AVAILABILITY = YES_AGGRESSIVE;
				CLANG_WARN_UNREACHABLE_CODE = YES;
				CLANG_WARN__DUPLICATE_METHOD_MATCH = YES;
				COPY_PHASE_STRIP = NO;
				DEBUG_INFORMATION_FORMAT = "dwarf-with-dsym";
				ENABLE_NS_ASSERTIONS = NO;
				ENABLE_STRICT_OBJC_MSGSEND = YES;
				GCC_C_LANGUAGE_STANDARD = gnu11;
				GCC_NO_COMMON_BLOCKS = YES;
				GCC_WARN_64_TO_32_BIT_CONVERSION = YES;
				GCC_WARN_ABOUT_RETURN_TYPE = YES_ERROR;
				GCC_WARN_UNDECLARED_SELECTOR = YES;
				GCC_WARN_UNINITIALIZED_AUTOS = YES_AGGRESSIVE;
				GCC_WARN_UNUSED_FUNCTION = YES;
				GCC_WARN_UNUSED_VARIABLE = YES;
				IPHONEOS_DEPLOYMENT_TARGET = 14.0;
				MTL_ENABLE_DEBUG_INFO = NO;
				MTL_FAST_MATH = YES;
				SDKROOT = iphoneos;
				SWIFT_COMPILATION_MODE = wholemodule;
				SWIFT_OPTIMIZATION_LEVEL = "-O";
				VALIDATE_PRODUCT = YES;
			};
			name = Release;
		};
		B1B260A62538D90C00841FBB /* Debug */ = {
			isa = XCBuildConfiguration;
			buildSettings = {
				ASSETCATALOG_COMPILER_APPICON_NAME = AppIcon;
				ASSETCATALOG_COMPILER_GLOBAL_ACCENT_COLOR_NAME = AccentColor;
				CODE_SIGN_STYLE = Automatic;
				CURRENT_PROJECT_VERSION = 6;
				DEVELOPMENT_ASSET_PATHS = "\"PlantGuide/Preview Content\"";
				DEVELOPMENT_TEAM = TJ34237V49;
				ENABLE_PREVIEWS = YES;
				INFOPLIST_FILE = PlantGuide/Info.plist;
				IPHONEOS_DEPLOYMENT_TARGET = 14.0;
				LD_RUNPATH_SEARCH_PATHS = (
					"$(inherited)",
					"@executable_path/Frameworks",
				);
				MARKETING_VERSION = 1.2.2;
				PRODUCT_BUNDLE_IDENTIFIER = com.example.PlantGuide;
				PRODUCT_NAME = "$(TARGET_NAME)";
				SWIFT_VERSION = 5.0;
				TARGETED_DEVICE_FAMILY = 1;
			};
			name = Debug;
		};
		B1B260A72538D90C00841FBB /* Release */ = {
			isa = XCBuildConfiguration;
			buildSettings = {
				ASSETCATALOG_COMPILER_APPICON_NAME = AppIcon;
				ASSETCATALOG_COMPILER_GLOBAL_ACCENT_COLOR_NAME = AccentColor;
				CODE_SIGN_STYLE = Automatic;
				CURRENT_PROJECT_VERSION = 6;
				DEVELOPMENT_ASSET_PATHS = "\"PlantGuide/Preview Content\"";
				DEVELOPMENT_TEAM = TJ34237V49;
				ENABLE_PREVIEWS = YES;
				INFOPLIST_FILE = PlantGuide/Info.plist;
				IPHONEOS_DEPLOYMENT_TARGET = 14.0;
				LD_RUNPATH_SEARCH_PATHS = (
					"$(inherited)",
					"@executable_path/Frameworks",
				);
				MARKETING_VERSION = 1.2.2;
				PRODUCT_BUNDLE_IDENTIFIER = com.example.PlantGuide;
				PRODUCT_NAME = "$(TARGET_NAME)";
				SWIFT_VERSION = 5.0;
				TARGETED_DEVICE_FAMILY = 1;
			};
			name = Release;
		};
/* End XCBuildConfiguration section */

/* Begin XCConfigurationList section */
		B1B2607B2538D90B00841FBB /* Build configuration list for PBXProject "PlantGuide" */ = {
			isa = XCConfigurationList;
			buildConfigurations = (
				B1B260A32538D90C00841FBB /* Debug */,
				B1B260A42538D90C00841FBB /* Release */,
			);
			defaultConfigurationIsVisible = 0;
			defaultConfigurationName = Release;
		};
		B1B260A52538D90C00841FBB /* Build configuration list for PBXNativeTarget "PlantGuide" */ = {
			isa = XCConfigurationList;
			buildConfigurations = (
				B1B260A62538D90C00841FBB /* Debug */,
				B1B260A72538D90C00841FBB /* Release */,
			);
			defaultConfigurationIsVisible = 0;
			defaultConfigurationName = Release;
		};
/* End XCConfigurationList section */

/* Begin XCVersionGroup section */
		B1AC9FF02557E9EA001BF9EE /* StorePlantEntity.xcdatamodeld */ = {
			isa = XCVersionGroup;
			children = (
				B1AC9FF12557E9EA001BF9EE /* StorePlantsModel.xcdatamodel */,
			);
			currentVersion = B1AC9FF12557E9EA001BF9EE /* StorePlantsModel.xcdatamodel */;
			path = StorePlantEntity.xcdatamodeld;
			sourceTree = "<group>";
			versionGroupType = wrapper.xcdatamodel;
		};
/* End XCVersionGroup section */
	};
	rootObject = B1B260782538D90B00841FBB /* Project object */;
}
